# THIS IS AN AUTOGENERATED FILE. DO NOT EDIT THIS FILE DIRECTLY.
# yarn lockfile v1


vee-validate@^3.4.8:
  version "3.4.8"
  resolved "https://registry.yarnpkg.com/vee-validate/-/vee-validate-3.4.8.tgz#4b4444620f86307b744a4d8f8f61aed918bfa4e8"
  integrity sha512-IRwVoCpaJF0xmHjpOcF5+yEPrSGDb4sDRTExQfkX+4pefjGV5tzLIrURFfqSKVcVnd1xfHdrmdMoE9pEH2z3BQ==
